<?xml version="1.0" encoding="utf-8"?>
<Project ToolsVersion="4.0" xmlns="http://schemas.microsoft.com/developer/msbuild/2003">
  <ItemGroup>
    <Filter Include="Source Files">
      <UniqueIdentifier>{4FC737F1-C7A5-4376-A066-2A32D752A2FF}</UniqueIdentifier>
      <Extensions>cpp;c;cc;cxx;def;odl;idl;hpj;bat;asm;asmx</Extensions>
    </Filter>
    <Filter Include="Header Files">
      <UniqueIdentifier>{93995380-89BD-4b04-88EB-625FBE52EBFB}</UniqueIdentifier>
      <Extensions>h;hh;hpp;hxx;hm;inl;inc;ipp;xsd</Extensions>
    </Filter>
    <Filter Include="Resource Files">
      <UniqueIdentifier>{67DA6AB6-F800-4c08-8B7A-83BB121AAD01}</UniqueIdentifier>
      <Extensions>rc;ico;cur;bmp;dlg;rc2;rct;bin;rgs;gif;jpg;jpeg;jpe;resx;tiff;tif;png;wav;mfcribbon-ms</Extensions>
    </Filter>
  </ItemGroup>
  <ItemGroup>
    <ClCompile Include="common.cpp">
      <Filter>Source Files</Filter>
    </ClCompile>
    <ClCompile Include="main.cpp">
      <Filter>Source Files</Filter>
    </ClCompile>
    <ClCompile Include="tree\100. Same Tree\isSameTree.cpp">
      <Filter>Source Files</Filter>
    </ClCompile>
    <ClCompile Include="stack\20. Valid Parentheses\isValid.cpp">
      <Filter>Source Files</Filter>
    </ClCompile>
    <ClCompile Include="stack\155. Min Stack\MinStack.cpp">
      <Filter>Source Files</Filter>
    </ClCompile>
    <ClCompile Include="stack\225. Implement Stack using Queues\MyStack.cpp">
      <Filter>Source Files</Filter>
    </ClCompile>
    <ClCompile Include="stack\232. Implement Queue using Stacks\MyQueue.cpp">
      <Filter>Source Files</Filter>
    </ClCompile>
    <ClCompile Include="stack\496. Next Greater Element I\nextGreaterElement.cpp">
      <Filter>Source Files</Filter>
    </ClCompile>
    <ClCompile Include="stack\682. Baseball Game\calPoints.cpp">
      <Filter>Source Files</Filter>
    </ClCompile>
    <ClCompile Include="stack\844. Backspace String Compare\backspaceCompare.cpp">
      <Filter>Source Files</Filter>
    </ClCompile>
    <ClCompile Include="array\1. Two Sum\twoSum.cpp">
      <Filter>Source Files</Filter>
    </ClCompile>
    <ClCompile Include="array\4\generateMatrix.cpp">
      <Filter>Source Files</Filter>
    </ClCompile>
    <ClCompile Include="array\4\spiralOrder.cpp">
      <Filter>Source Files</Filter>
    </ClCompile>
    <ClCompile Include="array\26. Remove Duplicates from Sorted Array\removeDuplicates.cpp">
      <Filter>Source Files</Filter>
    </ClCompile>
    <ClCompile Include="array\27. Remove Element\removeElement.cpp">
      <Filter>Source Files</Filter>
    </ClCompile>
    <ClCompile Include="array\35. Search Insert Position\searchInsert.cpp">
      <Filter>Source Files</Filter>
    </ClCompile>
    <ClCompile Include="array\53. Maximum Subarray\maxSubArray.cpp">
      <Filter>Source Files</Filter>
    </ClCompile>
    <ClCompile Include="array\66. Plus One\plusOne.cpp">
      <Filter>Source Files</Filter>
    </ClCompile>
    <ClCompile Include="array\88. Merge Sorted Array\merge.cpp">
      <Filter>Source Files</Filter>
    </ClCompile>
    <ClCompile Include="array\118. Pascal%27s Triangle\generate.cpp">
      <Filter>Source Files</Filter>
    </ClCompile>
    <ClCompile Include="array\119. Pascal%27s Triangle II\getRow.cpp">
      <Filter>Source Files</Filter>
    </ClCompile>
    <ClCompile Include="array\121. Best Time to Buy and Sell Stock\maxProfit.cpp">
      <Filter>Source Files</Filter>
    </ClCompile>
    <ClCompile Include="array\122. Best Time to Buy and Sell Stock II\maxProfit2.cpp">
      <Filter>Source Files</Filter>
    </ClCompile>
    <ClCompile Include="array\167. Two Sum II\twoSum2.cpp">
      <Filter>Source Files</Filter>
    </ClCompile>
    <ClCompile Include="array\169. Majority Element\majorityElement.cpp">
      <Filter>Source Files</Filter>
    </ClCompile>
    <ClCompile Include="array\189. Rotate Array\rotate.cpp">
      <Filter>Source Files</Filter>
    </ClCompile>
    <ClCompile Include="array\217. Contains Duplicate\containsDuplicate.cpp">
      <Filter>Source Files</Filter>
    </ClCompile>
    <ClCompile Include="array\219. Contains Duplicate II\containsNearbyDuplicate.cpp">
      <Filter>Source Files</Filter>
    </ClCompile>
    <ClCompile Include="array\268. Missing Number\missingNumber.cpp">
      <Filter>Source Files</Filter>
    </ClCompile>
    <ClCompile Include="array\283. Move Zeroes\moveZeroes.cpp">
      <Filter>Source Files</Filter>
    </ClCompile>
    <ClCompile Include="bfs\559. Maximum Depth of N-ary Tree\maxDepth.cpp">
      <Filter>Source Files</Filter>
    </ClCompile>
    <ClCompile Include="bst\783. Minimum Distance Between BST Nodes\minDiffInBST.cpp">
      <Filter>Source Files</Filter>
    </ClCompile>
    <ClCompile Include="bst\897. Increasing Order Search Tree\increasingBST.cpp">
      <Filter>Source Files</Filter>
    </ClCompile>
    <ClCompile Include="list\2. Add Two Numbers\addTwoNumbers.cpp">
      <Filter>Source Files</Filter>
    </ClCompile>
    <ClCompile Include="list\21. Merge Two Sorted Lists\mergeTwoLists.cpp">
      <Filter>Source Files</Filter>
    </ClCompile>
    <ClCompile Include="list\83. Remove Duplicates from Sorted List\deleteDuplicates.cpp">
      <Filter>Source Files</Filter>
    </ClCompile>
    <ClCompile Include="list\141. Linked List Cycle\hasCycle.cpp">
      <Filter>Source Files</Filter>
    </ClCompile>
    <ClCompile Include="list\160. Intersection of Two Linked Lists\getIntersectionNode.cpp">
      <Filter>Source Files</Filter>
    </ClCompile>
    <ClCompile Include="list\203. Remove Linked List Elements\removeElements.cpp">
      <Filter>Source Files</Filter>
    </ClCompile>
    <ClCompile Include="list\206. Reverse Linked List\reverseList.cpp">
      <Filter>Source Files</Filter>
    </ClCompile>
    <ClCompile Include="list\234. Palindrome Linked List\isPalindrome.cpp">
      <Filter>Source Files</Filter>
    </ClCompile>
    <ClCompile Include="list\237. Delete Node in a Linked List\deleteNode.cpp">
      <Filter>Source Files</Filter>
    </ClCompile>
    <ClCompile Include="list\876. Middle of the Linked List\middleNode.cpp">
      <Filter>Source Files</Filter>
    </ClCompile>
    <ClCompile Include="map\136. Single Number\singleNumber.cpp">
      <Filter>Source Files</Filter>
    </ClCompile>
    <ClCompile Include="map\202. Happy Number\isHappy.cpp">
      <Filter>Source Files</Filter>
    </ClCompile>
    <ClCompile Include="map\204. Count Primes\countPrimes.cpp">
      <Filter>Source Files</Filter>
    </ClCompile>
    <ClCompile Include="map\205. Isomorphic Strings\isIsomorphic.cpp">
      <Filter>Source Files</Filter>
    </ClCompile>
  </ItemGroup>
  <ItemGroup>
    <ClInclude Include="common.h">
      <Filter>Header Files</Filter>
    </ClInclude>
    <ClInclude Include="tree\100. Same Tree\isSameTree.h">
      <Filter>Header Files</Filter>
    </ClInclude>
    <ClInclude Include="stack\20. Valid Parentheses\isValid.h">
      <Filter>Header Files</Filter>
    </ClInclude>
    <ClInclude Include="stack\155. Min Stack\MinStack.h">
      <Filter>Header Files</Filter>
    </ClInclude>
    <ClInclude Include="stack\225. Implement Stack using Queues\MyStack.h">
      <Filter>Header Files</Filter>
    </ClInclude>
    <ClInclude Include="stack\232. Implement Queue using Stacks\MyQueue.h">
      <Filter>Header Files</Filter>
    </ClInclude>
    <ClInclude Include="stack\496. Next Greater Element I\nextGreaterElement.h">
      <Filter>Header Files</Filter>
    </ClInclude>
    <ClInclude Include="stack\682. Baseball Game\calPoints.h">
      <Filter>Header Files</Filter>
    </ClInclude>
    <ClInclude Include="stack\844. Backspace String Compare\backspaceCompare.h">
      <Filter>Header Files</Filter>
    </ClInclude>
    <ClInclude Include="array\1. Two Sum\twoSum.h">
      <Filter>Header Files</Filter>
    </ClInclude>
    <ClInclude Include="array\4\generateMatrix.h">
      <Filter>Header Files</Filter>
    </ClInclude>
    <ClInclude Include="array\4\spiralOrder.h">
      <Filter>Header Files</Filter>
    </ClInclude>
    <ClInclude Include="array\26. Remove Duplicates from Sorted Array\removeDuplicates.h">
      <Filter>Header Files</Filter>
    </ClInclude>
    <ClInclude Include="array\27. Remove Element\removeElement.h">
      <Filter>Header Files</Filter>
    </ClInclude>
    <ClInclude Include="array\35. Search Insert Position\searchInsert.h">
      <Filter>Header Files</Filter>
    </ClInclude>
    <ClInclude Include="array\53. Maximum Subarray\maxSubArray.h">
      <Filter>Header Files</Filter>
    </ClInclude>
    <ClInclude Include="array\66. Plus One\plusOne.h">
      <Filter>Header Files</Filter>
    </ClInclude>
    <ClInclude Include="array\88. Merge Sorted Array\merge.h">
      <Filter>Header Files</Filter>
    </ClInclude>
    <ClInclude Include="array\118. Pascal%27s Triangle\generate.h">
      <Filter>Header Files</Filter>
    </ClInclude>
    <ClInclude Include="array\119. Pascal%27s Triangle II\getRow.h">
      <Filter>Header Files</Filter>
    </ClInclude>
    <ClInclude Include="array\121. Best Time to Buy and Sell Stock\maxProfit.h">
      <Filter>Header Files</Filter>
    </ClInclude>
    <ClInclude Include="array\122. Best Time to Buy and Sell Stock II\maxProfit2.h">
      <Filter>Header Files</Filter>
    </ClInclude>
    <ClInclude Include="array\167. Two Sum II\twoSum2.h">
      <Filter>Header Files</Filter>
    </ClInclude>
    <ClInclude Include="array\169. Majority Element\majorityElement.h">
      <Filter>Header Files</Filter>
    </ClInclude>
    <ClInclude Include="array\189. Rotate Array\rotate.h">
      <Filter>Header Files</Filter>
    </ClInclude>
    <ClInclude Include="array\217. Contains Duplicate\containsDuplicate.h">
      <Filter>Header Files</Filter>
    </ClInclude>
    <ClInclude Include="array\219. Contains Duplicate II\containsNearbyDuplicate.h">
      <Filter>Header Files</Filter>
    </ClInclude>
    <ClInclude Include="array\268. Missing Number\missingNumber.h">
      <Filter>Header Files</Filter>
    </ClInclude>
    <ClInclude Include="array\283. Move Zeroes\moveZeroes.h">
      <Filter>Header Files</Filter>
    </ClInclude>
    <ClInclude Include="bfs\559. Maximum Depth of N-ary Tree\maxDepth.h">
      <Filter>Header Files</Filter>
    </ClInclude>
    <ClInclude Include="bst\783. Minimum Distance Between BST Nodes\minDiffInBST.h">
      <Filter>Header Files</Filter>
    </ClInclude>
    <ClInclude Include="bst\897. Increasing Order Search Tree\increasingBST.h">
      <Filter>Header Files</Filter>
    </ClInclude>
    <ClInclude Include="list\2. Add Two Numbers\addTwoNumbers.h">
      <Filter>Header Files</Filter>
    </ClInclude>
    <ClInclude Include="list\21. Merge Two Sorted Lists\mergeTwoLists.h">
      <Filter>Header Files</Filter>
    </ClInclude>
    <ClInclude Include="list\83. Remove Duplicates from Sorted List\deleteDuplicates.h">
      <Filter>Header Files</Filter>
    </ClInclude>
    <ClInclude Include="list\141. Linked List Cycle\hasCycle.h">
      <Filter>Header Files</Filter>
    </ClInclude>
    <ClInclude Include="list\160. Intersection of Two Linked Lists\getIntersectionNode.h">
      <Filter>Header Files</Filter>
    </ClInclude>
    <ClInclude Include="list\203. Remove Linked List Elements\removeElements.h">
      <Filter>Header Files</Filter>
    </ClInclude>
    <ClInclude Include="list\206. Reverse Linked List\reverseList.h">
      <Filter>Header Files</Filter>
    </ClInclude>
    <ClInclude Include="list\234. Palindrome Linked List\isPalindrome.h">
      <Filter>Header Files</Filter>
    </ClInclude>
    <ClInclude Include="list\237. Delete Node in a Linked List\deleteNode.h">
      <Filter>Header Files</Filter>
    </ClInclude>
    <ClInclude Include="list\876. Middle of the Linked List\middleNode.h">
      <Filter>Header Files</Filter>
    </ClInclude>
    <ClInclude Include="map\136. Single Number\singleNumber.h">
      <Filter>Header Files</Filter>
    </ClInclude>
    <ClInclude Include="map\202. Happy Number\isHappy.h">
      <Filter>Header Files</Filter>
    </ClInclude>
    <ClInclude Include="map\204. Count Primes\countPrimes.h">
      <Filter>Header Files</Filter>
    </ClInclude>
    <ClInclude Include="map\205. Isomorphic Strings\isIsomorphic.h">
      <Filter>Header Files</Filter>
    </ClInclude>
  </ItemGroup>
  <ItemGroup>
    <None Include="array\283. Move Zeroes\README.md" />
    <None Include="array\268. Missing Number\README.md" />
    <None Include="array\219. Contains Duplicate II\README.md" />
    <None Include="array\217. Contains Duplicate\README.md" />
    <None Include="array\189. Rotate Array\README.md" />
    <None Include="array\169. Majority Element\README.md" />
    <None Include="array\167. Two Sum II\README.md" />
    <None Include="array\122. Best Time to Buy and Sell Stock II\README.md" />
    <None Include="array\121. Best Time to Buy and Sell Stock\README.md" />
    <None Include="array\119. Pascal%27s Triangle II\README.md" />
    <None Include="array\118. Pascal%27s Triangle\README.md" />
    <None Include="array\88. Merge Sorted Array\README.md" />
    <None Include="array\66. Plus One\README.md" />
    <None Include="array\53. Maximum Subarray\README.md" />
    <None Include="array\35. Search Insert Position\README.md" />
    <None Include="array\27. Remove Element\README.md" />
    <None Include="array\26. Remove Duplicates from Sorted Array\README.md" />
    <None Include="bfs\559. Maximum Depth of N-ary Tree\README.md" />
    <None Include="bst\783. Minimum Distance Between BST Nodes\README.md" />
    <None Include="bst\897. Increasing Order Search Tree\README.md" />
    <None Include="list\2. Add Two Numbers\README.md" />
    <None Include="list\21. Merge Two Sorted Lists\README.md" />
    <None Include="list\83. Remove Duplicates from Sorted List\README.md" />
    <None Include="list\141. Linked List Cycle\README.md" />
    <None Include="list\160. Intersection of Two Linked Lists\README.md" />
    <None Include="list\203. Remove Linked List Elements\README.md" />
    <None Include="list\206. Reverse Linked List\README.md" />
    <None Include="list\234. Palindrome Linked List\README.md" />
    <None Include="list\237. Delete Node in a Linked List\README.md" />
    <None Include="list\876. Middle of the Linked List\README.md" />
    <None Include="map\136. Single Number\README.md" />
    <None Include="map\202. Happy Number\README.md" />
    <None Include="map\205. Isomorphic Strings\README.md" />
    <None Include="stack\20. Valid Parentheses\README.md" />
    <None Include="stack\155. Min Stack\README.md" />
    <None Include="stack\225. Implement Stack using Queues\README.md" />
    <None Include="stack\232. Implement Queue using Stacks\README.md" />
    <None Include="stack\496. Next Greater Element I\README.md" />
    <None Include="stack\682. Baseball Game\README.md" />
    <None Include="stack\844. Backspace String Compare\README.md" />
  </ItemGroup>
</Project>